
Microsoft Visual Studio Solution File, Format Version 12.00
# Visual Studio 15
VisualStudioVersion = 15.0.26228.4
MinimumVisualStudioVersion = 10.0.40219.1
Project("{FAE04EC0-301F-11D3-BF4B-00C04F79EFBC}") = "GraphicsOOP3", "GraphicsOOP3\GraphicsOOP3.csproj", "{1E24AE31-A98B-4F09-93A7-9BB75D1A8661}"
EndProject
Project("{FAE04EC0-301F-11D3-BF4B-00C04F79EFBC}") = "PaintPencil", "PaintPencil\PaintPencil.csproj", "{7B5E8E1B-DAC9-4E92-812F-CAFACDA6657A}"
EndProject
Global
	GlobalSection(SolutionConfigurationPlatforms) = preSolution
		Debug|Any CPU = Debug|Any CPU
		Release|Any CPU = Release|Any CPU
	EndGlobalSection
	GlobalSection(ProjectConfigurationPlatforms) = postSolution
		{1E24AE31-A98B-4F09-93A7-9BB75D1A8661}.Debug|Any CPU.ActiveCfg = Debug|Any CPU
		{1E24AE31-A98B-4F09-93A7-9BB75D1A8661}.Debug|Any CPU.Build.0 = Debug|Any CPU
		{1E24AE31-A98B-4F09-93A7-9BB75D1A8661}.Release|Any CPU.ActiveCfg = Release|Any CPU
		{1E24AE31-A98B-4F09-93A7-9BB75D1A8661}.Release|Any CPU.Build.0 = Release|Any CPU
		{7B5E8E1B-DAC9-4E92-812F-CAFACDA6657A}.Debug|Any CPU.ActiveCfg = Debug|Any CPU
		{7B5E8E1B-DAC9-4E92-812F-CAFACDA6657A}.Debug|Any CPU.Build.0 = Debug|Any CPU
		{7B5E8E1B-DAC9-4E92-812F-CAFACDA6657A}.Release|Any CPU.ActiveCfg = Release|Any CPU
		{7B5E8E1B-DAC9-4E92-812F-CAFACDA6657A}.Release|Any CPU.Build.0 = Release|Any CPU
	EndGlobalSection
	GlobalSection(SolutionProperties) = preSolution
		HideSolutionNode = FALSE
	EndGlobalSection
EndGlobal
